<?xml version="1.0" encoding="utf-8"?>
<Project ToolsVersion="4.0" xmlns="http://schemas.microsoft.com/developer/msbuild/2003">
  <ItemGroup>
    <Filter Include="ソース ファイル">
      <UniqueIdentifier>{4FC737F1-C7A5-4376-A066-2A32D752A2FF}</UniqueIdentifier>
      <Extensions>cpp;c;cc;cxx;c++;cppm;ixx;def;odl;idl;hpj;bat;asm;asmx</Extensions>
    </Filter>
    <Filter Include="ヘッダー ファイル">
      <UniqueIdentifier>{93995380-89BD-4b04-88EB-625FBE52EBFB}</UniqueIdentifier>
      <Extensions>h;hh;hpp;hxx;h++;hm;inl;inc;ipp;xsd</Extensions>
    </Filter>
    <Filter Include="リソース ファイル">
      <UniqueIdentifier>{67DA6AB6-F800-4c08-8B7A-83BB121AAD01}</UniqueIdentifier>
      <Extensions>rc;ico;cur;bmp;dlg;rc2;rct;bin;rgs;gif;jpg;jpeg;jpe;resx;tiff;tif;png;wav;mfcribbon-ms</Extensions>
    </Filter>
    <Filter Include="シェーダー">
      <UniqueIdentifier>{8d46f641-b509-490f-b94c-6d3bb85c48ee}</UniqueIdentifier>
    </Filter>
    <Filter Include="ソース ファイル\Engine">
      <UniqueIdentifier>{7a417a43-dfb6-4ccf-a28a-f2de8fc04c4b}</UniqueIdentifier>
    </Filter>
    <Filter Include="ソース ファイル\Application">
      <UniqueIdentifier>{bff5575c-4478-4dff-91c3-1075e39dfd85}</UniqueIdentifier>
    </Filter>
    <Filter Include="ソース ファイル\Engine\2d">
      <UniqueIdentifier>{374eef6e-6849-4a43-8dff-bb6a3bae3ca9}</UniqueIdentifier>
    </Filter>
    <Filter Include="ソース ファイル\Engine\2d\Sprites">
      <UniqueIdentifier>{7b352d5f-324e-4fea-95d7-6ff15dc34a94}</UniqueIdentifier>
    </Filter>
    <Filter Include="ソース ファイル\Engine\3d">
      <UniqueIdentifier>{985b7254-9fdb-4d3d-8720-e46b07fe6cb4}</UniqueIdentifier>
    </Filter>
    <Filter Include="ソース ファイル\Engine\3d\Fbx">
      <UniqueIdentifier>{3f9238d9-588c-4dac-9ca6-7bcd769249a8}</UniqueIdentifier>
    </Filter>
    <Filter Include="ソース ファイル\Engine\Base">
      <UniqueIdentifier>{8f4f318f-ce54-46c6-8403-961ccb7da717}</UniqueIdentifier>
    </Filter>
    <Filter Include="ソース ファイル\Engine\Base\RunGame">
      <UniqueIdentifier>{d40b385e-0119-4832-a295-41bb97c4f82d}</UniqueIdentifier>
    </Filter>
    <Filter Include="ソース ファイル\Engine\Base\Depth">
      <UniqueIdentifier>{ba76feeb-4a88-4679-b004-890d1a1758e1}</UniqueIdentifier>
    </Filter>
    <Filter Include="ソース ファイル\Engine\Base\RenderTarget">
      <UniqueIdentifier>{962f48d2-5493-4410-bcfe-2dd3050ab7a4}</UniqueIdentifier>
    </Filter>
    <Filter Include="ソース ファイル\Engine\Base\Window">
      <UniqueIdentifier>{f573d9ba-4a05-4b35-b34e-331016a425b7}</UniqueIdentifier>
    </Filter>
    <Filter Include="ソース ファイル\Engine\Base\Pipeline">
      <UniqueIdentifier>{8cd73527-204b-48bf-b934-14125e5fb2af}</UniqueIdentifier>
    </Filter>
    <Filter Include="ソース ファイル\Engine\Base\Descriptor">
      <UniqueIdentifier>{0fd70e1b-6c65-4124-a44d-f27225d8daf1}</UniqueIdentifier>
    </Filter>
    <Filter Include="ソース ファイル\Engine\Base\DirectX12">
      <UniqueIdentifier>{13f60230-e6d1-4616-a759-aa2c685b9eac}</UniqueIdentifier>
    </Filter>
    <Filter Include="ソース ファイル\Engine\Base\Level">
      <UniqueIdentifier>{77d58046-fea2-40d1-a7b4-6f8b252f6503}</UniqueIdentifier>
    </Filter>
    <Filter Include="ソース ファイル\Engine\Base\View">
      <UniqueIdentifier>{5fab7d23-732e-4f54-9e2f-93fdedb3884e}</UniqueIdentifier>
    </Filter>
    <Filter Include="ソース ファイル\Application\Camera">
      <UniqueIdentifier>{cfeff549-3a75-4832-9448-527beb443ad6}</UniqueIdentifier>
    </Filter>
    <Filter Include="ソース ファイル\Engine\Input">
      <UniqueIdentifier>{a6fc733e-9579-44a3-9ca8-3d30c1f90fb1}</UniqueIdentifier>
    </Filter>
    <Filter Include="ソース ファイル\Engine\Imgui">
      <UniqueIdentifier>{01ed9b63-df34-42a5-bd4d-799a392506df}</UniqueIdentifier>
    </Filter>
    <Filter Include="ソース ファイル\Engine\Math">
      <UniqueIdentifier>{44f57321-e750-4101-ad02-1d4dbfb5e406}</UniqueIdentifier>
    </Filter>
    <Filter Include="ソース ファイル\Engine\Collision">
      <UniqueIdentifier>{df3cea26-343b-422d-8224-1cab16c5bee4}</UniqueIdentifier>
    </Filter>
    <Filter Include="ソース ファイル\Engine\Sound">
      <UniqueIdentifier>{fcbd73ff-83b4-40ca-b661-6fea37d7aa27}</UniqueIdentifier>
    </Filter>
    <Filter Include="ソース ファイル\Application\Scene">
      <UniqueIdentifier>{641c0b4e-4754-44c3-93a7-76e2ec740f5a}</UniqueIdentifier>
    </Filter>
    <Filter Include="ヘッダー ファイル\Engine">
      <UniqueIdentifier>{5bcdbf68-1656-4fc1-901a-11fa3088e5e8}</UniqueIdentifier>
    </Filter>
    <Filter Include="ヘッダー ファイル\Application">
      <UniqueIdentifier>{a70ae257-e47c-4079-8058-58c2cdde62e4}</UniqueIdentifier>
    </Filter>
    <Filter Include="ヘッダー ファイル\Engine\2d">
      <UniqueIdentifier>{df1b85c0-f1c3-43ff-8270-092168214283}</UniqueIdentifier>
    </Filter>
    <Filter Include="ヘッダー ファイル\Engine\2d\Sprites">
      <UniqueIdentifier>{abcda634-7949-481e-9ced-f426e79639ea}</UniqueIdentifier>
    </Filter>
    <Filter Include="ヘッダー ファイル\Engine\3d">
      <UniqueIdentifier>{a9589cb1-64ef-4155-b9ef-5f2b858815ae}</UniqueIdentifier>
    </Filter>
    <Filter Include="ヘッダー ファイル\Engine\3d\Fbx">
      <UniqueIdentifier>{d8aa243b-a3d3-44f8-acda-c020bb1c08fc}</UniqueIdentifier>
    </Filter>
    <Filter Include="ヘッダー ファイル\Engine\Base">
      <UniqueIdentifier>{cc7fb756-bd14-4afa-8dff-a7e5c3d72ef6}</UniqueIdentifier>
    </Filter>
    <Filter Include="ヘッダー ファイル\Engine\Base\RunGame">
      <UniqueIdentifier>{33f4c9cb-0e02-4ade-aacd-0a8eea4a15be}</UniqueIdentifier>
    </Filter>
    <Filter Include="ヘッダー ファイル\Engine\Base\Depth">
      <UniqueIdentifier>{c857289b-0081-45d3-a12c-80e1df70538f}</UniqueIdentifier>
    </Filter>
    <Filter Include="ヘッダー ファイル\Engine\Base\Descriptor">
      <UniqueIdentifier>{31fbbbc9-944a-485c-8470-5693a38ff3c5}</UniqueIdentifier>
    </Filter>
    <Filter Include="ヘッダー ファイル\Engine\Base\DirectX12">
      <UniqueIdentifier>{76c77eb6-bef1-44aa-b022-721995855169}</UniqueIdentifier>
    </Filter>
    <Filter Include="ヘッダー ファイル\Engine\Base\Pipeline">
      <UniqueIdentifier>{e86145cc-fd0a-49cd-bd01-8c2a2bd8ef16}</UniqueIdentifier>
    </Filter>
    <Filter Include="ヘッダー ファイル\Engine\Base\RenderTarget">
      <UniqueIdentifier>{0ac369b8-d5ff-4349-b2fa-35e266060922}</UniqueIdentifier>
    </Filter>
    <Filter Include="ヘッダー ファイル\Engine\Base\Window">
      <UniqueIdentifier>{7af7e369-b56b-41e6-9c1d-ac6ed90d9a6d}</UniqueIdentifier>
    </Filter>
    <Filter Include="ヘッダー ファイル\Engine\Base\Level">
      <UniqueIdentifier>{c41ce2b9-844a-4b3e-92d5-3a07b89cd168}</UniqueIdentifier>
    </Filter>
    <Filter Include="ヘッダー ファイル\Engine\Base\View">
      <UniqueIdentifier>{de035a25-2272-4b73-9b39-e4d0bfce42e1}</UniqueIdentifier>
    </Filter>
    <Filter Include="ヘッダー ファイル\Engine\Input">
      <UniqueIdentifier>{67e2c9ab-d078-4a16-b356-f05622c8118a}</UniqueIdentifier>
    </Filter>
    <Filter Include="ヘッダー ファイル\Engine\Math">
      <UniqueIdentifier>{966c2c0b-0747-4189-a3e1-9e24f6077845}</UniqueIdentifier>
    </Filter>
    <Filter Include="ヘッダー ファイル\Engine\Imgui">
      <UniqueIdentifier>{62ff15d8-6f2d-4ec4-a4c2-e9698382df57}</UniqueIdentifier>
    </Filter>
    <Filter Include="ヘッダー ファイル\Engine\Collision">
      <UniqueIdentifier>{bcab9ba8-332c-4f63-8cec-0eb596eab473}</UniqueIdentifier>
    </Filter>
    <Filter Include="ヘッダー ファイル\Application\Camera">
      <UniqueIdentifier>{9cc0ccbb-3013-4f4e-9c01-5fcc08d20c18}</UniqueIdentifier>
    </Filter>
    <Filter Include="ヘッダー ファイル\Engine\Sound">
      <UniqueIdentifier>{5c31a1bb-53d5-4a68-bfb2-1e9b628acf30}</UniqueIdentifier>
    </Filter>
    <Filter Include="ヘッダー ファイル\Application\Scene">
      <UniqueIdentifier>{17875ed8-7555-4fb0-9567-69a17d3c6121}</UniqueIdentifier>
    </Filter>
  </ItemGroup>
  <ItemGroup>
    <ClCompile Include="main.cpp">
      <Filter>ソース ファイル</Filter>
    </ClCompile>
    <ClCompile Include="Vector2.cpp">
      <Filter>ソース ファイル\Engine\Math</Filter>
    </ClCompile>
    <ClCompile Include="Vector3.cpp">
      <Filter>ソース ファイル\Engine\Math</Filter>
    </ClCompile>
    <ClCompile Include="KInput.cpp">
      <Filter>ソース ファイル\Engine\Input</Filter>
    </ClCompile>
    <ClCompile Include="KVertex.cpp">
      <Filter>ソース ファイル\Engine\2d</Filter>
    </ClCompile>
    <ClCompile Include="KTexture.cpp">
      <Filter>ソース ファイル\Engine\2d</Filter>
    </ClCompile>
    <ClCompile Include="Vector4.cpp">
      <Filter>ソース ファイル\Engine\Math</Filter>
    </ClCompile>
    <ClCompile Include="Matrix4.cpp">
      <Filter>ソース ファイル\Engine\Math</Filter>
    </ClCompile>
    <ClCompile Include="Quaternion.cpp">
      <Filter>ソース ファイル\Engine\Math</Filter>
    </ClCompile>
    <ClCompile Include="BaseScene.cpp">
      <Filter>ソース ファイル\Application\Scene</Filter>
    </ClCompile>
    <ClCompile Include="GameScence.cpp">
      <Filter>ソース ファイル\Application\Scene</Filter>
    </ClCompile>
    <ClCompile Include="SceneManager.cpp">
      <Filter>ソース ファイル\Application\Scene</Filter>
    </ClCompile>
    <ClCompile Include="TitleScene.cpp">
      <Filter>ソース ファイル\Application\Scene</Filter>
    </ClCompile>
    <ClCompile Include="SceneFactory.cpp">
      <Filter>ソース ファイル\Application\Scene</Filter>
    </ClCompile>
    <ClCompile Include="Camera.cpp">
      <Filter>ソース ファイル\Application\Camera</Filter>
    </ClCompile>
    <ClCompile Include="DebugCamera.cpp">
      <Filter>ソース ファイル\Application\Camera</Filter>
    </ClCompile>
    <ClCompile Include="ImguiManager.cpp">
      <Filter>ソース ファイル\Engine\Imgui</Filter>
    </ClCompile>
    <ClCompile Include="ASceneFactory.cpp">
      <Filter>ソース ファイル\Application\Scene</Filter>
    </ClCompile>
    <ClCompile Include="PostEffect.cpp">
      <Filter>ソース ファイル\Engine\2d\Sprites</Filter>
    </ClCompile>
    <ClCompile Include="Sprite.cpp">
      <Filter>ソース ファイル\Engine\2d\Sprites</Filter>
    </ClCompile>
    <ClCompile Include="Collision.cpp">
      <Filter>ソース ファイル\Engine\Collision</Filter>
    </ClCompile>
    <ClCompile Include="CollisionPrimitive.cpp">
      <Filter>ソース ファイル\Engine\Collision</Filter>
    </ClCompile>
    <ClCompile Include="MyMath.cpp">
      <Filter>ソース ファイル\Engine\Math</Filter>
    </ClCompile>
    <ClCompile Include="FbxLoader.cpp">
      <Filter>ソース ファイル\Engine\3d\Fbx</Filter>
    </ClCompile>
    <ClCompile Include="FbxModel.cpp">
      <Filter>ソース ファイル\Engine\3d\Fbx</Filter>
    </ClCompile>
    <ClCompile Include="FbxObject3D.cpp">
      <Filter>ソース ファイル\Engine\3d\Fbx</Filter>
    </ClCompile>
    <ClCompile Include="KModel.cpp">
      <Filter>ソース ファイル\Engine\3d</Filter>
    </ClCompile>
    <ClCompile Include="KObject3d.cpp">
      <Filter>ソース ファイル\Engine\3d</Filter>
    </ClCompile>
    <ClCompile Include="Ease.cpp">
      <Filter>ソース ファイル\Engine\Math</Filter>
    </ClCompile>
    <ClCompile Include="Framework.cpp">
      <Filter>ソース ファイル\Engine\Base\RunGame</Filter>
    </ClCompile>
    <ClCompile Include="KMyGame.cpp">
      <Filter>ソース ファイル\Engine\Base\RunGame</Filter>
    </ClCompile>
    <ClCompile Include="GameCamera.cpp">
      <Filter>ソース ファイル\Application\Camera</Filter>
    </ClCompile>
    <ClCompile Include="Sound.cpp">
      <Filter>ソース ファイル\Engine\Sound</Filter>
    </ClCompile>
    <ClCompile Include="KDepth.cpp">
      <Filter>ソース ファイル\Engine\Base\Depth</Filter>
    </ClCompile>
    <ClCompile Include="KDepthStencilBuffer.cpp">
      <Filter>ソース ファイル\Engine\Base\Depth</Filter>
    </ClCompile>
    <ClCompile Include="KRenderTargetBuffer.cpp">
      <Filter>ソース ファイル\Engine\Base\RenderTarget</Filter>
    </ClCompile>
    <ClCompile Include="KRtvDescriptorHeap.cpp">
      <Filter>ソース ファイル\Engine\Base\RenderTarget</Filter>
    </ClCompile>
    <ClCompile Include="KWinApp.cpp">
      <Filter>ソース ファイル\Engine\Base\Window</Filter>
    </ClCompile>
    <ClCompile Include="KGPlin.cpp">
      <Filter>ソース ファイル\Engine\Base\Pipeline</Filter>
    </ClCompile>
    <ClCompile Include="KShader.cpp">
      <Filter>ソース ファイル\Engine\Base\Pipeline</Filter>
    </ClCompile>
    <ClCompile Include="KDescriptorHeap.cpp">
      <Filter>ソース ファイル\Engine\Base\Descriptor</Filter>
    </ClCompile>
    <ClCompile Include="KDsvDescriptorHeap.cpp">
      <Filter>ソース ファイル\Engine\Base\Descriptor</Filter>
    </ClCompile>
    <ClCompile Include="KDirectXCommon.cpp">
      <Filter>ソース ファイル\Engine\Base\DirectX12</Filter>
    </ClCompile>
    <ClCompile Include="LevelLoader.cpp">
      <Filter>ソース ファイル\Engine\Base\Level</Filter>
    </ClCompile>
    <ClCompile Include="ViewProjection.cpp">
      <Filter>ソース ファイル\Engine\Base\View</Filter>
    </ClCompile>
  </ItemGroup>
  <ItemGroup>
    <ClInclude Include="KInput.h">
      <Filter>ヘッダー ファイル\Engine\Input</Filter>
    </ClInclude>
    <ClInclude Include="KTexture.h">
      <Filter>ヘッダー ファイル\Engine\2d</Filter>
    </ClInclude>
    <ClInclude Include="KVertex.h">
      <Filter>ヘッダー ファイル\Engine\2d</Filter>
    </ClInclude>
    <ClInclude Include="Vector2.h">
      <Filter>ヘッダー ファイル\Engine\Math</Filter>
    </ClInclude>
    <ClInclude Include="Vector3.h">
      <Filter>ヘッダー ファイル\Engine\Math</Filter>
    </ClInclude>
    <ClInclude Include="Vector4.h">
      <Filter>ヘッダー ファイル\Engine\Math</Filter>
    </ClInclude>
    <ClInclude Include="Matrix4.h">
      <Filter>ヘッダー ファイル\Engine\Math</Filter>
    </ClInclude>
    <ClInclude Include="Quaternion.h">
      <Filter>ヘッダー ファイル\Engine\Math</Filter>
    </ClInclude>
    <ClInclude Include="Sprite.h">
      <Filter>ヘッダー ファイル\Engine\2d\Sprites</Filter>
    </ClInclude>
    <ClInclude Include="PostEffect.h">
      <Filter>ヘッダー ファイル\Engine\2d\Sprites</Filter>
    </ClInclude>
    <ClInclude Include="FbxLoader.h">
      <Filter>ヘッダー ファイル\Engine\3d\Fbx</Filter>
    </ClInclude>
    <ClInclude Include="FbxModel.h">
      <Filter>ヘッダー ファイル\Engine\3d\Fbx</Filter>
    </ClInclude>
    <ClInclude Include="FbxObject3D.h">
      <Filter>ヘッダー ファイル\Engine\3d\Fbx</Filter>
    </ClInclude>
    <ClInclude Include="KModel.h">
      <Filter>ヘッダー ファイル\Engine\3d</Filter>
    </ClInclude>
    <ClInclude Include="KObject3d.h">
      <Filter>ヘッダー ファイル\Engine\3d</Filter>
    </ClInclude>
    <ClInclude Include="Framework.h">
      <Filter>ヘッダー ファイル\Engine\Base\RunGame</Filter>
    </ClInclude>
    <ClInclude Include="KMyGame.h">
      <Filter>ヘッダー ファイル\Engine\Base\RunGame</Filter>
    </ClInclude>
    <ClInclude Include="ImguiManager.h">
      <Filter>ヘッダー ファイル\Engine\Imgui</Filter>
    </ClInclude>
    <ClInclude Include="Collision.h">
      <Filter>ヘッダー ファイル\Engine\Collision</Filter>
    </ClInclude>
    <ClInclude Include="CollisionPrimitive.h">
      <Filter>ヘッダー ファイル\Engine\Collision</Filter>
    </ClInclude>
    <ClInclude Include="Camera.h">
      <Filter>ヘッダー ファイル\Application\Camera</Filter>
    </ClInclude>
    <ClInclude Include="DebugCamera.h">
      <Filter>ヘッダー ファイル\Application\Camera</Filter>
    </ClInclude>
    <ClInclude Include="GameCamera.h">
      <Filter>ヘッダー ファイル\Application\Camera</Filter>
    </ClInclude>
    <ClInclude Include="ASceneFactory.h">
      <Filter>ヘッダー ファイル\Application\Scene</Filter>
    </ClInclude>
    <ClInclude Include="GameScence.h">
      <Filter>ヘッダー ファイル\Application\Scene</Filter>
    </ClInclude>
    <ClInclude Include="BaseScene.h">
      <Filter>ヘッダー ファイル\Application\Scene</Filter>
    </ClInclude>
    <ClInclude Include="TitleScene.h">
      <Filter>ヘッダー ファイル\Application\Scene</Filter>
    </ClInclude>
    <ClInclude Include="SceneManager.h">
      <Filter>ヘッダー ファイル\Application\Scene</Filter>
    </ClInclude>
    <ClInclude Include="SceneFactory.h">
      <Filter>ヘッダー ファイル\Application\Scene</Filter>
    </ClInclude>
    <ClInclude Include="Ease.h">
      <Filter>ヘッダー ファイル\Engine\Math</Filter>
    </ClInclude>
    <ClInclude Include="MyMath.h">
      <Filter>ヘッダー ファイル\Engine\Math</Filter>
    </ClInclude>
    <ClInclude Include="Sound.h">
      <Filter>ヘッダー ファイル\Engine\Sound</Filter>
    </ClInclude>
    <ClInclude Include="KDepth.h">
      <Filter>ヘッダー ファイル\Engine\Base\Depth</Filter>
    </ClInclude>
    <ClInclude Include="KDepthStencilBuffer.h">
      <Filter>ヘッダー ファイル\Engine\Base\Depth</Filter>
    </ClInclude>
    <ClInclude Include="KDescriptorHeap.h">
      <Filter>ヘッダー ファイル\Engine\Base\Descriptor</Filter>
    </ClInclude>
    <ClInclude Include="KDsvDescriptorHeap.h">
      <Filter>ヘッダー ファイル\Engine\Base\Descriptor</Filter>
    </ClInclude>
    <ClInclude Include="KDirectXCommon.h">
      <Filter>ヘッダー ファイル\Engine\Base\DirectX12</Filter>
    </ClInclude>
    <ClInclude Include="KGPlin.h">
      <Filter>ヘッダー ファイル\Engine\Base\Pipeline</Filter>
    </ClInclude>
    <ClInclude Include="KShader.h">
      <Filter>ヘッダー ファイル\Engine\Base\Pipeline</Filter>
    </ClInclude>
    <ClInclude Include="KRenderTargetBuffer.h">
      <Filter>ヘッダー ファイル\Engine\Base\RenderTarget</Filter>
    </ClInclude>
    <ClInclude Include="KRtvDescriptorHeap.h">
      <Filter>ヘッダー ファイル\Engine\Base\RenderTarget</Filter>
    </ClInclude>
    <ClInclude Include="KWinApp.h">
      <Filter>ヘッダー ファイル\Engine\Base\Window</Filter>
    </ClInclude>
    <ClInclude Include="LevelLoader.h">
      <Filter>ヘッダー ファイル\Engine\Base\Level</Filter>
    </ClInclude>
    <ClInclude Include="ViewProjection.h">
      <Filter>ヘッダー ファイル\Engine\Base\View</Filter>
    </ClInclude>
  </ItemGroup>
  <ItemGroup>
    <ResourceCompile Include="DirectXdesu.rc">
      <Filter>リソース ファイル</Filter>
    </ResourceCompile>
  </ItemGroup>
  <ItemGroup>
    <None Include="Resources\Shader\Basic.hlsli">
      <Filter>シェーダー</Filter>
    </None>
    <None Include="Resources\Shader\Obj.hlsli">
      <Filter>シェーダー</Filter>
    </None>
    <None Include="Resources\Shader\Sprite.hlsli">
      <Filter>シェーダー</Filter>
    </None>
    <None Include="Resources\Shader\Particle.hlsli">
      <Filter>シェーダー</Filter>
    </None>
    <None Include="Resources\Shader\FBX.hlsli">
      <Filter>シェーダー</Filter>
    </None>
  </ItemGroup>
  <ItemGroup>
    <FxCompile Include="Resources\Shader\BasicPS.hlsl">
      <Filter>シェーダー</Filter>
    </FxCompile>
    <FxCompile Include="Resources\Shader\BasicVS.hlsl">
      <Filter>シェーダー</Filter>
    </FxCompile>
    <FxCompile Include="Resources\Shader\ObjPS.hlsl">
      <Filter>シェーダー</Filter>
    </FxCompile>
    <FxCompile Include="Resources\Shader\ObjVS.hlsl">
      <Filter>シェーダー</Filter>
    </FxCompile>
    <FxCompile Include="Resources\Shader\SpritePS.hlsl">
      <Filter>シェーダー</Filter>
    </FxCompile>
    <FxCompile Include="Resources\Shader\SpriteVS.hlsl">
      <Filter>シェーダー</Filter>
    </FxCompile>
    <FxCompile Include="Resources\Shader\ParticleGS.hlsl">
      <Filter>シェーダー</Filter>
    </FxCompile>
    <FxCompile Include="Resources\Shader\ParticlePS.hlsl">
      <Filter>シェーダー</Filter>
    </FxCompile>
    <FxCompile Include="Resources\Shader\ParticleVS.hlsl">
      <Filter>シェーダー</Filter>
    </FxCompile>
    <FxCompile Include="Resources\Shader\FBXPS.hlsl">
      <Filter>シェーダー</Filter>
    </FxCompile>
    <FxCompile Include="Resources\Shader\FBXVS.hlsl">
      <Filter>シェーダー</Filter>
    </FxCompile>
  </ItemGroup>
</Project>