<?xml version="1.0" encoding="utf-8"?>
<Project ToolsVersion="4.0" xmlns="http://schemas.microsoft.com/developer/msbuild/2003">
  <ItemGroup>
    <ClCompile Include="Application\MusicDesc.cpp" />
    <ClCompile Include="Application\Effect\ArrowEffect\ArrowEffect.cpp" />
    <ClCompile Include="Application\Effect\EffectSetter.cpp" />
    <ClCompile Include="Application\Object\CenterObject\CenterObject.cpp" />
    <ClCompile Include="Engine\Particle\GPUParticle\ArrowEffectParticle.cpp" />
    <ClCompile Include="Engine\Particle\Emitter\Emitter.cpp" />
    <ClCompile Include="Engine\Particle\CommandSignature\CommandSignature.cpp" />
    <ClCompile Include="Engine\Particle\Buffer\DrawArgs.cpp" />
    <ClCompile Include="Engine\Particle\Buffer\DrawList.cpp" />
    <ClCompile Include="Engine\Particle\Buffer\DeadList.cpp" />
    <ClCompile Include="Engine\Particle\CreateBlend\CreateBlend.cpp" />
    <ClCompile Include="Engine\Base\DirectXCommon\d3dUtil.cpp" />
    <ClCompile Include="Engine\Collision\CollisionManager.cpp" />
    <ClCompile Include="Engine\Collision\Collider.cpp" />
    <ClCompile Include="Engine\Sound\AudioManager.cpp" />
    <ClCompile Include="Engine\Base\BaseScene\ASceneFactory.cpp" />
    <ClCompile Include="Engine\Base\BaseScene\BaseScene.cpp" />
    <ClCompile Include="Engine\Base\BaseCamera\Camera.cpp" />
    <ClCompile Include="Engine\Collision\Collision.cpp" />
    <ClCompile Include="Engine\Collision\CollisionPrimitive.cpp" />
    <ClCompile Include="Engine\Camera\DebugCamera.cpp" />
    <ClCompile Include="Engine\Math\Ease\Ease.cpp" />
    <ClCompile Include="Engine\3D\Loader\FbxLoader.cpp" />
    <ClCompile Include="Engine\3D\Model\FbxModel.cpp" />
    <ClCompile Include="Engine\3D\Object3D\FbxObject3D.cpp" />
    <ClCompile Include="Engine\Base\RunGame\Framework.cpp" />
    <ClCompile Include="Application\Camera\GameCamera.cpp" />
    <ClCompile Include="Application\Scene\GameScene.cpp" />
    <ClCompile Include="Engine\Imgui\ImguiManager.cpp" />
    <ClCompile Include="Engine\Base\Depth\KDepthStencilBuffer.cpp" />
    <ClCompile Include="Engine\Base\Descriptor\KDescriptorHeap.cpp" />
    <ClCompile Include="Engine\Base\Descriptor\KDsvDescriptorHeap.cpp" />
    <ClCompile Include="Engine\Base\Pipeline\KGPlin.cpp" />
    <ClCompile Include="Engine\Base\DirectXCommon\KDirectXCommon.cpp" />
    <ClCompile Include="Engine\Input\KInput.cpp" />
    <ClCompile Include="Engine\3D\Model\KModel.cpp" />
    <ClCompile Include="Engine\Base\RunGame\KMyGame.cpp" />
    <ClCompile Include="Engine\Base\RenderTarget\KRenderTargetBuffer.cpp" />
    <ClCompile Include="Engine\Base\Descriptor\KRtvDescriptorHeap.cpp" />
    <ClCompile Include="Engine\Base\Pipeline\KShader.cpp" />
    <ClCompile Include="Engine\2D\Vertex\KVertex.cpp" />
    <ClCompile Include="Engine\Level\LevelLoader.cpp" />
    <ClCompile Include="Engine\Base\RunGame\main.cpp" />
    <ClCompile Include="Engine\Base\Window\KWinApp.cpp" />
    <ClCompile Include="Engine\3D\Object3D\KObject3d.cpp" />
    <ClCompile Include="Engine\Math\Matrix4\Matrix4.cpp" />
    <ClCompile Include="Engine\Math\MyMath\MyMath.cpp" />
    <ClCompile Include="Engine\2D\PostEffect\PostEffect.cpp" />
    <ClCompile Include="Engine\Math\Quaternion\Quaternion.cpp" />
    <ClCompile Include="Engine\Scene\SceneFactory.cpp" />
    <ClCompile Include="Engine\Base\BaseScene\SceneManager.cpp" />
    <ClCompile Include="Engine\2D\Sprite\Sprite.cpp" />
    <ClCompile Include="Application\Scene\TitleScene.cpp" />
    <ClCompile Include="Engine\Math\Vector2\Vector2.cpp" />
    <ClCompile Include="Engine\Math\Vector3\Vector3.cpp" />
    <ClCompile Include="Engine\Math\Vector4\Vector4.cpp" />
    <ClCompile Include="Engine\Base\View\ViewProjection.cpp" />
    <ClCompile Include="Engine\2D\Texture\TextureManager.cpp" />
    <ClCompile Include="Application\Camera\TitleCamera.cpp" />
    <ClCompile Include="Application\GameManager.cpp" />
    <ClCompile Include="Engine\Base\Pipeline\PipelineManager.cpp" />
    <ClCompile Include="Engine\3D\Model\ModelManager.cpp" />
    <ClCompile Include="Engine\Light\Light.cpp" />
    <ClCompile Include="Engine\3D\Transform.cpp" />
    <ClCompile Include="Engine\2D\PostEffect\TestPostEffect.cpp" />
    <ClCompile Include="Engine\2D\PostEffect\VignettePostEffect.cpp" />
    <ClCompile Include="Engine\2D\PostEffect\PostEffectManager.cpp" />
    <ClCompile Include="Engine\2D\PostEffect\MultiPostEffect.cpp" />
    <ClCompile Include="Engine\Math\MyMath\MathHelper.cpp" />
    <ClCompile Include="Engine\Particle\FrameResource\FrameResource.cpp" />
    <ClCompile Include="Engine\Base\DirectXCommon\Timer.cpp" />
    <ClCompile Include="Engine\Particle\GPUParticle\GPUParticle.cpp" />
    <ClCompile Include="Engine\Particle\ParticleEditor.cpp" />
    <ClCompile Include="Application\NoteObj.cpp" />
    <ClCompile Include="Engine\Particle\GPUParticle\MeshGPUParticle.cpp" />
    <ClCompile Include="Engine\Particle\Buffer\ParticlePool.cpp" />
    <ClCompile Include="Engine\Particle\RootSignature\RootSignature.cpp" />
    <ClCompile Include="Engine\Particle\ComputePipelineState\ComputePipelineState.cpp" />
    <ClCompile Include="Engine\Particle\GraphicPipelineState\GraphicPipelineState.cpp" />
    <ClCompile Include="Engine\Particle\Emitter\MeshEmitter.cpp" />
    <ClCompile Include="Application\Object\ObjectSetter.cpp" />
    <ClCompile Include="Application\Effect\GroundEffect\GroundEffect.cpp" />
    <ClCompile Include="Application\Object\SideObject.cpp" />
    <ClCompile Include="Engine\Particle\GPUParticle\GroundEffectParticle.cpp" />
    <ClCompile Include="Engine\3D\Model\CaptureModel.cpp" />
  </ItemGroup>
  <ItemGroup>
    <ClCompile Include="Engine\Math\Vector2\Vector2.cpp">
      <Filter>ソース ファイル\Engine\Math</Filter>
    </ClCompile>
    <ClCompile Include="Engine\Math\Vector3\Vector3.cpp">
      <Filter>ソース ファイル\Engine\Math</Filter>
    </ClCompile>
    <ClCompile Include="Engine\Input\KInput.cpp">
      <Filter>ソース ファイル\Engine\Input</Filter>
    </ClCompile>
    <ClCompile Include="Engine\2D\Vertex\KVertex.cpp">
      <Filter>ソース ファイル\Engine\2d</Filter>
    </ClCompile>
    <ClCompile Include="Engine\Math\Vector4\Vector4.cpp">
      <Filter>ソース ファイル\Engine\Math</Filter>
    </ClCompile>
    <ClCompile Include="Engine\Math\Matrix4\Matrix4.cpp">
      <Filter>ソース ファイル\Engine\Math</Filter>
    </ClCompile>
    <ClCompile Include="Engine\Math\Quaternion\Quaternion.cpp">
      <Filter>ソース ファイル\Engine\Math</Filter>
    </ClCompile>
    <ClCompile Include="Application\Scene\GameScene.cpp">
      <Filter>ソース ファイル\Application\Scene</Filter>
    </ClCompile>
    <ClCompile Include="Application\Scene\TitleScene.cpp">
      <Filter>ソース ファイル\Application\Scene</Filter>
    </ClCompile>
    <ClCompile Include="Engine\Imgui\ImguiManager.cpp">
      <Filter>ソース ファイル\Engine\Imgui</Filter>
    </ClCompile>
    <ClCompile Include="Engine\2D\Sprite\Sprite.cpp">
      <Filter>ソース ファイル\Engine\2d\Sprites</Filter>
    </ClCompile>
    <ClCompile Include="Engine\Collision\Collision.cpp">
      <Filter>ソース ファイル\Engine\Collision</Filter>
    </ClCompile>
    <ClCompile Include="Engine\Collision\CollisionPrimitive.cpp">
      <Filter>ソース ファイル\Engine\Collision</Filter>
    </ClCompile>
    <ClCompile Include="Engine\Math\MyMath\MyMath.cpp">
      <Filter>ソース ファイル\Engine\Math</Filter>
    </ClCompile>
    <ClCompile Include="Engine\3D\Loader\FbxLoader.cpp">
      <Filter>ソース ファイル\Engine\3d\Fbx</Filter>
    </ClCompile>
    <ClCompile Include="Engine\3D\Model\FbxModel.cpp">
      <Filter>ソース ファイル\Engine\3d\Fbx</Filter>
    </ClCompile>
    <ClCompile Include="Engine\3D\Object3D\FbxObject3D.cpp">
      <Filter>ソース ファイル\Engine\3d\Fbx</Filter>
    </ClCompile>
    <ClCompile Include="Engine\3D\Model\KModel.cpp">
      <Filter>ソース ファイル\Engine\3d</Filter>
    </ClCompile>
    <ClCompile Include="Engine\3D\Object3D\KObject3d.cpp">
      <Filter>ソース ファイル\Engine\3d</Filter>
    </ClCompile>
    <ClCompile Include="Engine\Math\Ease\Ease.cpp">
      <Filter>ソース ファイル\Engine\Math</Filter>
    </ClCompile>
    <ClCompile Include="Engine\Base\RunGame\Framework.cpp">
      <Filter>ソース ファイル\Engine\Base\RunGame</Filter>
    </ClCompile>
    <ClCompile Include="Engine\Base\RunGame\KMyGame.cpp">
      <Filter>ソース ファイル\Engine\Base\RunGame</Filter>
    </ClCompile>
    <ClCompile Include="Application\Camera\GameCamera.cpp">
      <Filter>ソース ファイル\Application\Camera</Filter>
    </ClCompile>
    <ClCompile Include="Engine\Base\Depth\KDepthStencilBuffer.cpp">
      <Filter>ソース ファイル\Engine\Base\Depth</Filter>
    </ClCompile>
    <ClCompile Include="Engine\Base\RenderTarget\KRenderTargetBuffer.cpp">
      <Filter>ソース ファイル\Engine\Base\RenderTarget</Filter>
    </ClCompile>
    <ClCompile Include="Engine\Base\Descriptor\KRtvDescriptorHeap.cpp">
      <Filter>ソース ファイル\Engine\Base\RenderTarget</Filter>
    </ClCompile>
    <ClCompile Include="Engine\Base\Window\KWinApp.cpp">
      <Filter>ソース ファイル\Engine\Base\Window</Filter>
    </ClCompile>
    <ClCompile Include="Engine\Base\Pipeline\KGPlin.cpp">
      <Filter>ソース ファイル\Engine\Base\Pipeline</Filter>
    </ClCompile>
    <ClCompile Include="Engine\Base\Pipeline\KShader.cpp">
      <Filter>ソース ファイル\Engine\Base\Pipeline</Filter>
    </ClCompile>
    <ClCompile Include="Engine\Base\Descriptor\KDescriptorHeap.cpp">
      <Filter>ソース ファイル\Engine\Base\Descriptor</Filter>
    </ClCompile>
    <ClCompile Include="Engine\Base\Descriptor\KDsvDescriptorHeap.cpp">
      <Filter>ソース ファイル\Engine\Base\Descriptor</Filter>
    </ClCompile>
    <ClCompile Include="Engine\Base\DirectXCommon\KDirectXCommon.cpp">
      <Filter>ソース ファイル\Engine\Base\DirectX12</Filter>
    </ClCompile>
    <ClCompile Include="Engine\Level\LevelLoader.cpp">
      <Filter>ソース ファイル\Engine\Base\Level</Filter>
    </ClCompile>
    <ClCompile Include="Engine\Base\View\ViewProjection.cpp">
      <Filter>ソース ファイル\Engine\Base\View</Filter>
    </ClCompile>
    <ClCompile Include="Engine\2D\Texture\TextureManager.cpp">
      <Filter>ソース ファイル\Engine\Base\TextureManager</Filter>
    </ClCompile>
    <ClCompile Include="Application\Camera\TitleCamera.cpp">
      <Filter>ソース ファイル\Application\Camera</Filter>
    </ClCompile>
    <ClCompile Include="Engine\Base\RunGame\main.cpp">
      <Filter>ソース ファイル\Engine\Base\RunGame</Filter>
    </ClCompile>
    <ClCompile Include="Application\GameManager.cpp">
      <Filter>ソース ファイル\Application</Filter>
    </ClCompile>
    <ClCompile Include="Engine\Sound\AudioManager.cpp">
      <Filter>ソース ファイル\Engine\Sound</Filter>
    </ClCompile>
    <ClCompile Include="Engine\Base\BaseCamera\Camera.cpp">
      <Filter>ソース ファイル\Engine\Camera</Filter>
    </ClCompile>
    <ClCompile Include="Engine\Camera\DebugCamera.cpp">
      <Filter>ソース ファイル\Engine\Camera</Filter>
    </ClCompile>
    <ClCompile Include="Engine\Base\BaseScene\ASceneFactory.cpp">
      <Filter>ソース ファイル\Engine\Scene</Filter>
    </ClCompile>
    <ClCompile Include="Engine\Scene\SceneFactory.cpp">
      <Filter>ソース ファイル\Engine\Scene</Filter>
    </ClCompile>
    <ClCompile Include="Engine\Base\BaseScene\SceneManager.cpp">
      <Filter>ソース ファイル\Engine\Scene</Filter>
    </ClCompile>
    <ClCompile Include="Engine\Base\BaseScene\BaseScene.cpp">
      <Filter>ソース ファイル\Engine\Scene</Filter>
    </ClCompile>
    <ClCompile Include="Engine\Base\Pipeline\PipelineManager.cpp">
      <Filter>ソース ファイル\Engine\Base\Pipeline</Filter>
    </ClCompile>
    <ClCompile Include="Engine\Light\Light.cpp">
      <Filter>ソース ファイル\Engine\Base\Light</Filter>
    </ClCompile>
    <ClCompile Include="Engine\3D\Transform.cpp">
      <Filter>ソース ファイル\Engine\3d\Transform</Filter>
    </ClCompile>
    <ClCompile Include="Engine\Collision\Collider.cpp">
      <Filter>ソース ファイル\Engine\Collision</Filter>
    </ClCompile>
    <ClCompile Include="Engine\Collision\CollisionManager.cpp">
      <Filter>ソース ファイル\Engine\Collision</Filter>
    </ClCompile>
    <ClCompile Include="Engine\2D\PostEffect\MultiPostEffect.cpp">
      <Filter>ソース ファイル\Engine\2d\Sprites\PostEffect</Filter>
    </ClCompile>
    <ClCompile Include="Engine\2D\PostEffect\PostEffect.cpp">
      <Filter>ソース ファイル\Engine\2d\Sprites\PostEffect</Filter>
    </ClCompile>
    <ClCompile Include="Engine\2D\PostEffect\PostEffectManager.cpp">
      <Filter>ソース ファイル\Engine\2d\Sprites\PostEffect</Filter>
    </ClCompile>
    <ClCompile Include="Engine\2D\PostEffect\TestPostEffect.cpp">
      <Filter>ソース ファイル\Engine\2d\Sprites\PostEffect</Filter>
    </ClCompile>
    <ClCompile Include="Engine\2D\PostEffect\VignettePostEffect.cpp">
      <Filter>ソース ファイル\Engine\2d\Sprites\PostEffect</Filter>
    </ClCompile>
    <ClCompile Include="Engine\3D\Model\ModelManager.cpp">
      <Filter>ソース ファイル\Engine\3d</Filter>
    </ClCompile>
    <ClCompile Include="Engine\Base\DirectXCommon\d3dUtil.cpp">
      <Filter>ソース ファイル</Filter>
    </ClCompile>
    <ClCompile Include="Engine\Math\MyMath\MathHelper.cpp">
      <Filter>ソース ファイル</Filter>
    </ClCompile>
    <ClCompile Include="Engine\Base\DirectXCommon\Timer.cpp">
      <Filter>ソース ファイル</Filter>
    </ClCompile>
    <ClCompile Include="Engine\Particle\ParticleEditor.cpp">
      <Filter>ソース ファイル</Filter>
    </ClCompile>
    <ClCompile Include="Application\MusicDesc.cpp">
      <Filter>ソース ファイル</Filter>
    </ClCompile>
    <ClCompile Include="Application\NoteObj.cpp">
      <Filter>ソース ファイル</Filter>
    </ClCompile>
  </ItemGroup>
  <ItemGroup>
    <ClInclude Include="Application\MusicDesc.h" />
    <ClInclude Include="Application\Effect\ArrowEffect\ArrowEffect.h" />
    <ClInclude Include="Application\Effect\EffectSetter.h" />
    <ClInclude Include="Application\Object\CenterObject\CenterObject.h" />
    <ClInclude Include="Engine\3D\Model\CaptureModel.h" />
    <ClInclude Include="Engine\Particle\GPUParticle\ArrowEffectParticle.h" />
    <ClInclude Include="Engine\Particle\Emitter\Emitter.h" />
    <ClInclude Include="Engine\Particle\CommandSignature\CommandSignature.h" />
    <ClInclude Include="Engine\Particle\Buffer\DrawArgs.h" />
    <ClInclude Include="Engine\Particle\Buffer\DrawList.h" />
    <ClInclude Include="Engine\Particle\Buffer\DeadList.h" />
    <ClInclude Include="Engine\Particle\CreateBlend\CreateBlend.h" />
    <ClInclude Include="Engine\Base\DirectXCommon\d3dUtil.h" />
    <ClInclude Include="Engine\Collision\CollisionManager.h" />
    <ClInclude Include="Engine\Collision\Collider.h" />
    <ClInclude Include="Engine\Collision\CollisionTypes.h" />
    <ClInclude Include="Engine\Sound\AudioManager.h" />
    <ClInclude Include="Engine\Base\BaseScene\ASceneFactory.h" />
    <ClInclude Include="Engine\Base\BaseScene\BaseScene.h" />
    <ClInclude Include="Engine\Base\BaseCamera\Camera.h" />
    <ClInclude Include="Engine\Collision\Collision.h" />
    <ClInclude Include="Engine\Collision\CollisionPrimitive.h" />
    <ClInclude Include="Engine\Camera\DebugCamera.h" />
    <ClInclude Include="Engine\Math\Ease\Ease.h" />
    <ClInclude Include="Engine\3D\Loader\FbxLoader.h" />
    <ClInclude Include="Engine\3D\Model\FbxModel.h" />
    <ClInclude Include="Engine\3D\Object3D\FbxObject3D.h" />
    <ClInclude Include="Engine\Base\RunGame\Framework.h" />
    <ClInclude Include="Application\Camera\GameCamera.h" />
    <ClInclude Include="Application\Scene\GameScene.h" />
    <ClInclude Include="Engine\Imgui\ImguiManager.h" />
    <ClInclude Include="Engine\Base\Depth\KDepthStencilBuffer.h" />
    <ClInclude Include="Engine\Base\Descriptor\KDescriptorHeap.h" />
    <ClInclude Include="Engine\Base\Descriptor\KDsvDescriptorHeap.h" />
    <ClInclude Include="Engine\Base\Pipeline\KGPlin.h" />
    <ClInclude Include="Engine\Base\DirectXCommon\KDirectXCommon.h" />
    <ClInclude Include="Engine\Input\KInput.h" />
    <ClInclude Include="Engine\3D\Model\KModel.h" />
    <ClInclude Include="Engine\Base\RunGame\KMyGame.h" />
    <ClInclude Include="Engine\Base\RenderTarget\KRenderTargetBuffer.h" />
    <ClInclude Include="Engine\Base\Descriptor\KRtvDescriptorHeap.h" />
    <ClInclude Include="Engine\Base\Pipeline\KShader.h" />
    <ClInclude Include="Engine\2D\Vertex\KVertex.h" />
    <ClInclude Include="Engine\Base\Window\KWinApp.h" />
    <ClInclude Include="Engine\3D\Object3D\KObject3d.h" />
    <ClInclude Include="Engine\Level\LevelLoader.h" />
    <ClInclude Include="Engine\Math\Matrix4\Matrix4.h" />
    <ClInclude Include="Engine\Math\MyMath\MyMath.h" />
    <ClInclude Include="Engine\2D\PostEffect\PostEffect.h" />
    <ClInclude Include="Engine\Math\Quaternion\Quaternion.h" />
    <ClInclude Include="Engine\Scene\SceneFactory.h" />
    <ClInclude Include="Engine\Base\BaseScene\SceneManager.h" />
    <ClInclude Include="Engine\2D\Sprite\Sprite.h" />
    <ClInclude Include="Application\Scene\TitleScene.h" />
    <ClInclude Include="Engine\Math\Vector2\Vector2.h" />
    <ClInclude Include="Engine\Math\Vector3\Vector3.h" />
    <ClInclude Include="Engine\Math\Vector4\Vector4.h" />
    <ClInclude Include="Engine\Base\View\ViewProjection.h" />
    <ClInclude Include="Engine\2D\Texture\TextureManager.h" />
    <ClInclude Include="Application\Camera\TitleCamera.h" />
    <ClInclude Include="Application\GameManager.h" />
    <ClInclude Include="Engine\Base\Pipeline\PipelineManager.h" />
    <ClInclude Include="Engine\3D\Model\ModelManager.h" />
    <ClInclude Include="Engine\Light\Light.h" />
    <ClInclude Include="Engine\3D\Transform.h" />
    <ClInclude Include="Engine\2D\PostEffect\TestPostEffect.h" />
    <ClInclude Include="Engine\2D\PostEffect\VignettePostEffect.h" />
    <ClInclude Include="Engine\2D\PostEffect\PostEffectManager.h" />
    <ClInclude Include="Engine\2D\PostEffect\MultiPostEffect.h" />
    <ClInclude Include="Engine\Math\MyMath\MathHelper.h" />
    <ClInclude Include="Engine\Particle\FrameResource\FrameResource.h" />
    <ClInclude Include="Engine\Base\DirectXCommon\UploadBuffer.h" />
    <ClInclude Include="Engine\Base\DirectXCommon\Timer.h" />
    <ClInclude Include="Engine\Particle\GPUParticle\GPUParticle.h" />
    <ClInclude Include="Engine\Particle\ParticleEditor.h" />
    <ClInclude Include="Application\NoteObj.h" />
    <ClInclude Include="Engine\Particle\GPUParticle\MeshGPUParticle.h" />
    <ClInclude Include="Engine\Particle\Buffer\ParticlePool.h" />
    <ClInclude Include="Engine\Particle\RootSignature\RootSignature.h" />
    <ClInclude Include="Engine\Particle\ComputePipelineState\ComputePipelineState.h" />
    <ClInclude Include="Engine\Particle\GraphicPipelineState\GraphicPipelineState.h" />
    <ClInclude Include="Engine\Particle\Emitter\MeshEmitter.h" />
    <ClInclude Include="Application\Object\ObjectSetter.h" />
    <ClInclude Include="Application\Effect\GroundEffect\GroundEffect.h" />
    <ClInclude Include="Application\Object\SideObject.h" />
    <ClInclude Include="Engine\Particle\GPUParticle\GroundEffectParticle.h" />
  </ItemGroup>
  <ItemGroup>
    <None Include="Resources\Shader\Effect\ArrowEffect\ArrowEffect.hlsli" />
    <None Include="Resources\Shader\Effect\ArrowEffect\ArrowEffectSimplexNoise.hlsli" />
    <None Include="Resources\Shader\Effect\GroundEffect\GroundEffect.hlsli" />
    <None Include="Resources\Shader\Effect\GroundEffect\GroundEffectSimplexNoise.hlsli" />
    <None Include="Resources\Shader\GPUParticle\GPUParticleHeader.hlsli" />
    <None Include="Resources\Shader\LightObj\lightOBJ.hlsli" />
    <None Include="Resources\Shader\Basic\Basic.hlsli" />
    <None Include="Resources\Shader\Fbx\FBX.hlsli" />
    <None Include="Resources\Shader\MeshGPUParticle\MeshGPUParticle.hlsli" />
    <None Include="Resources\Shader\MeshGPUParticle\MeshSimplexNoise.hlsli" />
    <None Include="Resources\Shader\MultiTexture\MultiTextureHeader.hlsli" />
    <None Include="Resources\Shader\Obj\Obj.hlsli" />
    <None Include="Resources\Shader\Particle\Particle.hlsli" />
    <None Include="Resources\Shader\PostEffect\PostEffect.hlsli" />
    <None Include="Resources\Shader\GPUParticle\SimplexNoise.hlsli" />
    <None Include="Resources\Shader\Sprite\Sprite.hlsli" />
    <None Include="Resources\Shader\Vignette\Vignette.hlsli" />
    <None Include="Resources\Shader\Basic\BasicPS.hlsl" />
    <None Include="Resources\Shader\Basic\BasicVS.hlsl" />
    <None Include="Resources\Shader\Fbx\FBXPS.hlsl" />
    <None Include="Resources\Shader\Fbx\FBXVS.hlsl" />
    <None Include="Resources\Shader\GPUParticle\CopyDrawCountCS.hlsl" />
    <None Include="Resources\Shader\GPUParticle\DeadListInitCS.hlsl" />
    <None Include="Resources\Shader\GPUParticle\EmitCS.hlsl" />
    <None Include="Resources\Shader\GPUParticle\GPUParticleGS.hlsl" />
    <None Include="Resources\Shader\GPUParticle\GPUParticlePS.hlsl" />
    <None Include="Resources\Shader\GPUParticle\GPUParticleVS.hlsl" />
    <None Include="Resources\Shader\GPUParticle\UpdateCS.hlsl" />
    <None Include="Resources\Shader\LightObj\lightOBJPS.hlsl" />
    <None Include="Resources\Shader\LightObj\lightOBJVS.hlsl" />
    <None Include="Resources\Shader\MeshGPUParticle\MeshGPUParticleVS.hlsl" />
    <None Include="Resources\Shader\MeshGPUParticle\MeshGPUParticlePS.hlsl" />
    <None Include="Resources\Shader\MeshGPUParticle\MeshGPUParticleGS.hlsl" />
    <None Include="Resources\Shader\MeshGPUParticle\MeshEmitCS.hlsl" />
    <None Include="Resources\Shader\MeshGPUParticle\MeshDeadListInitCS.hlsl" />
    <None Include="Resources\Shader\MeshGPUParticle\MeshCopyDrawCountCS.hlsl" />
    <None Include="Resources\Shader\GPUParticle\EmitCS.hlsl" />
    <None Include="Resources\Shader\GPUParticle\DeadListInitCS.hlsl" />
    <None Include="Resources\Shader\MeshGPUParticle\MeshUpdateCS.hlsl" />
    <None Include="Resources\Shader\MultiTexture\MultiTexturePS.hlsl" />
    <None Include="Resources\Shader\MultiTexture\MultiTextureVS.hlsl" />
    <None Include="Resources\Shader\Obj\ObjPS.hlsl" />
    <None Include="Resources\Shader\Obj\ObjVS.hlsl" />
    <None Include="Resources\Shader\Particle\ParticleGS.hlsl" />
    <None Include="Resources\Shader\Particle\ParticlePS.hlsl" />
    <None Include="Resources\Shader\Particle\ParticleVS.hlsl" />
    <None Include="Resources\Shader\PostEffect\PostEffectPS.hlsl" />
    <None Include="Resources\Shader\PostEffect\PostEffectVS.hlsl" />
    <None Include="Resources\Shader\Sprite\SpritePS.hlsl" />
    <None Include="Resources\Shader\Sprite\SpriteVS.hlsl" />
    <None Include="Resources\Shader\Vignette\VignettePS.hlsl" />
    <None Include="Resources\Shader\Vignette\VignetteVS.hlsl" />
  </ItemGroup>
  <ItemGroup>
    <ResourceCompile Include="DirectXdesu.rc" />
  </ItemGroup>
</Project>